// !$*UTF8*$!
{
	archiveVersion = 1;
	classes = {
	};
	objectVersion = 56;
	objects = {

/* Begin PBXBuildFile section */
		AB2B20933C27E51BFF19AAFF /* libPods-edo-example.a in Frameworks */ = {isa = PBXBuildFile; fileRef = 4051128966025ABAF093F6B5 /* libPods-edo-example.a */; };
		E763B60129F4BEAE0044718D /* main.swift in Sources */ = {isa = PBXBuildFile; fileRef = E763B60029F4BEAE0044718D /* main.swift */; };
/* End PBXBuildFile section */

/* Begin PBXCopyFilesBuildPhase section */
		E763B5FB29F4BEAE0044718D /* CopyFiles */ = {
			isa = PBXCopyFilesBuildPhase;
			buildActionMask = 2147483647;
			dstPath = /usr/share/man/man1/;
			dstSubfolderSpec = 0;
			files = (
			);
			runOnlyForDeploymentPostprocessing = 1;
		};
/* End PBXCopyFilesBuildPhase section */

/* Begin PBXFileReference section */
		0B8D43617DBC14F5A13EE24E /* Pods-edo-example.release.xcconfig */ = {isa = PBXFileReference; includeInIndex = 1; lastKnownFileType = text.xcconfig; name = "Pods-edo-example.release.xcconfig"; path = "Target Support Files/Pods-edo-example/Pods-edo-example.release.xcconfig"; sourceTree = "<group>"; };
		290E9D0572012E9FAB9544A6 /* Pods-edo-example.debug.xcconfig */ = {isa = PBXFileReference; includeInIndex = 1; lastKnownFileType = text.xcconfig; name = "Pods-edo-example.debug.xcconfig"; path = "Target Support Files/Pods-edo-example/Pods-edo-example.debug.xcconfig"; sourceTree = "<group>"; };
		4051128966025ABAF093F6B5 /* libPods-edo-example.a */ = {isa = PBXFileReference; explicitFileType = archive.ar; includeInIndex = 0; path = "libPods-edo-example.a"; sourceTree = BUILT_PRODUCTS_DIR; };
		63B489C18EDE547C74EF0E72 /* Pods-pod-example.debug.xcconfig */ = {isa = PBXFileReference; includeInIndex = 1; lastKnownFileType = text.xcconfig; name = "Pods-pod-example.debug.xcconfig"; path = "Target Support Files/Pods-pod-example/Pods-pod-example.debug.xcconfig"; sourceTree = "<group>"; };
		A9EE89C259AA240D6BF2402B /* Pods-pod-example.release.xcconfig */ = {isa = PBXFileReference; includeInIndex = 1; lastKnownFileType = text.xcconfig; name = "Pods-pod-example.release.xcconfig"; path = "Target Support Files/Pods-pod-example/Pods-pod-example.release.xcconfig"; sourceTree = "<group>"; };
		E706904329F4D11400D1C15B /* pod-example-Bridging-Header.h */ = {isa = PBXFileReference; lastKnownFileType = sourcecode.c.h; path = "pod-example-Bridging-Header.h"; sourceTree = "<group>"; };
		E763B5FD29F4BEAE0044718D /* edo-example */ = {isa = PBXFileReference; explicitFileType = "compiled.mach-o.executable"; includeInIndex = 0; path = "edo-example"; sourceTree = BUILT_PRODUCTS_DIR; };
		E763B60029F4BEAE0044718D /* main.swift */ = {isa = PBXFileReference; lastKnownFileType = sourcecode.swift; path = main.swift; sourceTree = "<group>"; };
/* End PBXFileReference section */

/* Begin PBXFrameworksBuildPhase section */
		E763B5FA29F4BEAE0044718D /* Frameworks */ = {
			isa = PBXFrameworksBuildPhase;
			buildActionMask = 2147483647;
			files = (
				AB2B20933C27E51BFF19AAFF /* libPods-edo-example.a in Frameworks */,
			);
			runOnlyForDeploymentPostprocessing = 0;
		};
/* End PBXFrameworksBuildPhase section */

/* Begin PBXGroup section */
		9B1AAA7E4921174EDA3CF75B /* Frameworks */ = {
			isa = PBXGroup;
			children = (
				4051128966025ABAF093F6B5 /* libPods-edo-example.a */,
			);
			name = Frameworks;
			sourceTree = "<group>";
		};
		C9FF215477460EBA3AC128D4 /* Pods */ = {
			isa = PBXGroup;
			children = (
				63B489C18EDE547C74EF0E72 /* Pods-pod-example.debug.xcconfig */,
				A9EE89C259AA240D6BF2402B /* Pods-pod-example.release.xcconfig */,
				290E9D0572012E9FAB9544A6 /* Pods-edo-example.debug.xcconfig */,
				0B8D43617DBC14F5A13EE24E /* Pods-edo-example.release.xcconfig */,
			);
			path = Pods;
			sourceTree = "<group>";
		};
		E763B5F429F4BEAE0044718D = {
			isa = PBXGroup;
			children = (
				E763B5FF29F4BEAE0044718D /* edo-example */,
				E763B5FE29F4BEAE0044718D /* Products */,
				C9FF215477460EBA3AC128D4 /* Pods */,
				9B1AAA7E4921174EDA3CF75B /* Frameworks */,
			);
			sourceTree = "<group>";
		};
		E763B5FE29F4BEAE0044718D /* Products */ = {
			isa = PBXGroup;
			children = (
				E763B5FD29F4BEAE0044718D /* edo-example */,
			);
			name = Products;
			sourceTree = "<group>";
		};
		E763B5FF29F4BEAE0044718D /* edo-example */ = {
			isa = PBXGroup;
			children = (
				E763B60029F4BEAE0044718D /* main.swift */,
				E706904329F4D11400D1C15B /* pod-example-Bridging-Header.h */,
			);
			path = "edo-example";
			sourceTree = "<group>";
		};
/* End PBXGroup section */

/* Begin PBXNativeTarget section */
		E763B5FC29F4BEAE0044718D /* edo-example */ = {
			isa = PBXNativeTarget;
			buildConfigurationList = E763B60429F4BEAE0044718D /* Build configuration list for PBXNativeTarget "edo-example" */;
			buildPhases = (
				B816C5250D51356853257C3F /* [CP] Check Pods Manifest.lock */,
				E763B5F929F4BEAE0044718D /* Sources */,
				E763B5FA29F4BEAE0044718D /* Frameworks */,
				E763B5FB29F4BEAE0044718D /* CopyFiles */,
			);
			buildRules = (
			);
			dependencies = (
			);
			name = "edo-example";
			productName = "pod-example";
			productReference = E763B5FD29F4BEAE0044718D /* edo-example */;
			productType = "com.apple.product-type.tool";
		};
/* End PBXNativeTarget section */

/* Begin PBXProject section */
		E763B5F529F4BEAE0044718D /* Project object */ = {
			isa = PBXProject;
			attributes = {
				BuildIndependentTargetsInParallel = 1;
				LastSwiftUpdateCheck = 1420;
				LastUpgradeCheck = 1420;
				TargetAttributes = {
					E763B5FC29F4BEAE0044718D = {
						CreatedOnToolsVersion = 14.2;
					};
				};
			};
			buildConfigurationList = E763B5F829F4BEAE0044718D /* Build configuration list for PBXProject "edo-example" */;
			compatibilityVersion = "Xcode 14.0";
			developmentRegion = en;
			hasScannedForEncodings = 0;
			knownRegions = (
				en,
				Base,
			);
			mainGroup = E763B5F429F4BEAE0044718D;
			productRefGroup = E763B5FE29F4BEAE0044718D /* Products */;
			projectDirPath = "";
			projectRoot = "";
			targets = (
				E763B5FC29F4BEAE0044718D /* edo-example */,
			);
		};
/* End PBXProject section */

/* Begin PBXShellScriptBuildPhase section */
		B816C5250D51356853257C3F /* [CP] Check Pods Manifest.lock */ = {
			isa = PBXShellScriptBuildPhase;
			buildActionMask = 2147483647;
			files = (
			);
			inputFileListPaths = (
			);
			inputPaths = (
				"${PODS_PODFILE_DIR_PATH}/Podfile.lock",
				"${PODS_ROOT}/Manifest.lock",
			);
			name = "[CP] Check Pods Manifest.lock";
			outputFileListPaths = (
			);
			outputPaths = (
				"$(DERIVED_FILE_DIR)/Pods-edo-example-checkManifestLockResult.txt",
			);
			runOnlyForDeploymentPostprocessing = 0;
			shellPath = /bin/sh;
			shellScript = "diff \"${PODS_PODFILE_DIR_PATH}/Podfile.lock\" \"${PODS_ROOT}/Manifest.lock\" > /dev/null\nif [ $? != 0 ] ; then\n    # print error to STDERR\n    echo \"error: The sandbox is not in sync with the Podfile.lock. Run 'pod install' or update your CocoaPods installation.\" >&2\n    exit 1\nfi\n# This output is used by Xcode 'outputs' to avoid re-running this script phase.\necho \"SUCCESS\" > \"${SCRIPT_OUTPUT_FILE_0}\"\n";
			showEnvVarsInLog = 0;
		};
/* End PBXShellScriptBuildPhase section */

/* Begin PBXSourcesBuildPhase section */
		E763B5F929F4BEAE0044718D /* Sources */ = {
			isa = PBXSourcesBuildPhase;
			buildActionMask = 2147483647;
			files = (
				E763B60129F4BEAE0044718D /* main.swift in Sources */,
			);
			runOnlyForDeploymentPostprocessing = 0;
		};
/* End PBXSourcesBuildPhase section */

/* Begin XCBuildConfiguration section */
		E763B60229F4BEAE0044718D /* Debug */ = {
			isa = XCBuildConfiguration;
			buildSettings = {
				ALWAYS_SEARCH_USER_PATHS = NO;
				CLANG_ANALYZER_NONNULL = YES;
				CLANG_ANALYZER_NUMBER_OBJECT_CONVERSION = YES_AGGRESSIVE;
				CLANG_CXX_LANGUAGE_STANDARD = "gnu++20";
				CLANG_ENABLE_MODULES = YES;
				CLANG_ENABLE_OBJC_ARC = YES;
				CLANG_ENABLE_OBJC_WEAK = YES;
				CLANG_WARN_BLOCK_CAPTURE_AUTORELEASING = YES;
				CLANG_WARN_BOOL_CONVERSION = YES;
				CLANG_WARN_COMMA = YES;
				CLANG_WARN_CONSTANT_CONVERSION = YES;
				CLANG_WARN_DEPRECATED_OBJC_IMPLEMENTATIONS = YES;
				CLANG_WARN_DIRECT_OBJC_ISA_USAGE = YES_ERROR;
				CLANG_WARN_DOCUMENTATION_COMMENTS = YES;
				CLANG_WARN_EMPTY_BODY = YES;
				CLANG_WARN_ENUM_CONVERSION = YES;
				CLANG_WARN_INFINITE_RECURSION = YES;
				CLANG_WARN_INT_CONVERSION = YES;
				CLANG_WARN_NON_LITERAL_NULL_CONVERSION = YES;
				CLANG_WARN_OBJC_IMPLICIT_RETAIN_SELF = YES;
				CLANG_WARN_OBJC_LITERAL_CONVERSION = YES;
				CLANG_WARN_OBJC_ROOT_CLASS = YES_ERROR;
				CLANG_WARN_QUOTED_INCLUDE_IN_FRAMEWORK_HEADER = YES;
				CLANG_WARN_RANGE_LOOP_ANALYSIS = YES;
				CLANG_WARN_STRICT_PROTOTYPES = YES;
				CLANG_WARN_SUSPICIOUS_MOVE = YES;
				CLANG_WARN_UNGUARDED_AVAILABILITY = YES_AGGRESSIVE;
				CLANG_WARN_UNREACHABLE_CODE = YES;
				CLANG_WARN__DUPLICATE_METHOD_MATCH = YES;
				COPY_PHASE_STRIP = NO;
				DEBUG_INFORMATION_FORMAT = dwarf;
				ENABLE_STRICT_OBJC_MSGSEND = YES;
				ENABLE_TESTABILITY = YES;
				GCC_C_LANGUAGE_STANDARD = gnu11;
				GCC_DYNAMIC_NO_PIC = NO;
				GCC_NO_COMMON_BLOCKS = YES;
				GCC_OPTIMIZATION_LEVEL = 0;
				GCC_PREPROCESSOR_DEFINITIONS = (
					"DEBUG=1",
					"$(inherited)",
				);
				GCC_WARN_64_TO_32_BIT_CONVERSION = YES;
				GCC_WARN_ABOUT_RETURN_TYPE = YES_ERROR;
				GCC_WARN_UNDECLARED_SELECTOR = YES;
				GCC_WARN_UNINITIALIZED_AUTOS = YES_AGGRESSIVE;
				GCC_WARN_UNUSED_FUNCTION = YES;
				GCC_WARN_UNUSED_VARIABLE = YES;
				MACOSX_DEPLOYMENT_TARGET = 13.1;
				MTL_ENABLE_DEBUG_INFO = INCLUDE_SOURCE;
				MTL_FAST_MATH = YES;
				ONLY_ACTIVE_ARCH = YES;
				SDKROOT = macosx;
				SWIFT_ACTIVE_COMPILATION_CONDITIONS = DEBUG;
				SWIFT_OBJC_BRIDGING_HEADER = "edo-example/edo-example-Bridging-Header.h";
				SWIFT_OPTIMIZATION_LEVEL = "-Onone";
			};
			name = Debug;
		};
		E763B60329F4BEAE0044718D /* Release */ = {
			isa = XCBuildConfiguration;
			buildSettings = {
				ALWAYS_SEARCH_USER_PATHS = NO;
				CLANG_ANALYZER_NONNULL = YES;
				CLANG_ANALYZER_NUMBER_OBJECT_CONVERSION = YES_AGGRESSIVE;
				CLANG_CXX_LANGUAGE_STANDARD = "gnu++20";
				CLANG_ENABLE_MODULES = YES;
				CLANG_ENABLE_OBJC_ARC = YES;
				CLANG_ENABLE_OBJC_WEAK = YES;
				CLANG_WARN_BLOCK_CAPTURE_AUTORELEASING = YES;
				CLANG_WARN_BOOL_CONVERSION = YES;
				CLANG_WARN_COMMA = YES;
				CLANG_WARN_CONSTANT_CONVERSION = YES;
				CLANG_WARN_DEPRECATED_OBJC_IMPLEMENTATIONS = YES;
				CLANG_WARN_DIRECT_OBJC_ISA_USAGE = YES_ERROR;
				CLANG_WARN_DOCUMENTATION_COMMENTS = YES;
				CLANG_WARN_EMPTY_BODY = YES;
				CLANG_WARN_ENUM_CONVERSION = YES;
				CLANG_WARN_INFINITE_RECURSION = YES;
				CLANG_WARN_INT_CONVERSION = YES;
				CLANG_WARN_NON_LITERAL_NULL_CONVERSION = YES;
				CLANG_WARN_OBJC_IMPLICIT_RETAIN_SELF = YES;
				CLANG_WARN_OBJC_LITERAL_CONVERSION = YES;
				CLANG_WARN_OBJC_ROOT_CLASS = YES_ERROR;
				CLANG_WARN_QUOTED_INCLUDE_IN_FRAMEWORK_HEADER = YES;
				CLANG_WARN_RANGE_LOOP_ANALYSIS = YES;
				CLANG_WARN_STRICT_PROTOTYPES = YES;
				CLANG_WARN_SUSPICIOUS_MOVE = YES;
				CLANG_WARN_UNGUARDED_AVAILABILITY = YES_AGGRESSIVE;
				CLANG_WARN_UNREACHABLE_CODE = YES;
				CLANG_WARN__DUPLICATE_METHOD_MATCH = YES;
				COPY_PHASE_STRIP = NO;
				DEBUG_INFORMATION_FORMAT = "dwarf-with-dsym";
				ENABLE_NS_ASSERTIONS = NO;
				ENABLE_STRICT_OBJC_MSGSEND = YES;
				GCC_C_LANGUAGE_STANDARD = gnu11;
				GCC_NO_COMMON_BLOCKS = YES;
				GCC_WARN_64_TO_32_BIT_CONVERSION = YES;
				GCC_WARN_ABOUT_RETURN_TYPE = YES_ERROR;
				GCC_WARN_UNDECLARED_SELECTOR = YES;
				GCC_WARN_UNINITIALIZED_AUTOS = YES_AGGRESSIVE;
				GCC_WARN_UNUSED_FUNCTION = YES;
				GCC_WARN_UNUSED_VARIABLE = YES;
				MACOSX_DEPLOYMENT_TARGET = 13.1;
				MTL_ENABLE_DEBUG_INFO = NO;
				MTL_FAST_MATH = YES;
				SDKROOT = macosx;
				SWIFT_COMPILATION_MODE = wholemodule;
				SWIFT_OBJC_BRIDGING_HEADER = "edo-example/edo-example-Bridging-Header.h";
				SWIFT_OPTIMIZATION_LEVEL = "-O";
			};
			name = Release;
		};
		E763B60529F4BEAE0044718D /* Debug */ = {
			isa = XCBuildConfiguration;
			baseConfigurationReference = 290E9D0572012E9FAB9544A6 /* Pods-edo-example.debug.xcconfig */;
			buildSettings = {
				CODE_SIGN_STYLE = Automatic;
				PRODUCT_NAME = "$(TARGET_NAME)";
				SWIFT_OBJC_BRIDGING_HEADER = "edo-example/pod-example-Bridging-Header.h";
				SWIFT_VERSION = 5.0;
			};
			name = Debug;
		};
		E763B60629F4BEAE0044718D /* Release */ = {
			isa = XCBuildConfiguration;
			baseConfigurationReference = 0B8D43617DBC14F5A13EE24E /* Pods-edo-example.release.xcconfig */;
			buildSettings = {
				CODE_SIGN_STYLE = Automatic;
				PRODUCT_NAME = "$(TARGET_NAME)";
				SWIFT_OBJC_BRIDGING_HEADER = "edo-example/pod-example-Bridging-Header.h";
				SWIFT_VERSION = 5.0;
			};
			name = Release;
		};
/* End XCBuildConfiguration section */

/* Begin XCConfigurationList section */
		E763B5F829F4BEAE0044718D /* Build configuration list for PBXProject "edo-example" */ = {
			isa = XCConfigurationList;
			buildConfigurations = (
				E763B60229F4BEAE0044718D /* Debug */,
				E763B60329F4BEAE0044718D /* Release */,
			);
			defaultConfigurationIsVisible = 0;
			defaultConfigurationName = Release;
		};
		E763B60429F4BEAE0044718D /* Build configuration list for PBXNativeTarget "edo-example" */ = {
			isa = XCConfigurationList;
			buildConfigurations = (
				E763B60529F4BEAE0044718D /* Debug */,
				E763B60629F4BEAE0044718D /* Release */,
			);
			defaultConfigurationIsVisible = 0;
			defaultConfigurationName = Release;
		};
/* End XCConfigurationList section */
	};
	rootObject = E763B5F529F4BEAE0044718D /* Project object */;
}
